
Microsoft Visual Studio Solution File, Format Version 12.00
# Visual Studio 15
VisualStudioVersion = 15.0.27428.2037
MinimumVisualStudioVersion = 10.0.40219.1
Project("{FAE04EC0-301F-11D3-BF4B-00C04F79EFBC}") = "RandomExcersises", "RandomExcersises\RandomExcersises.csproj", "{33CE2F19-5C64-4AE0-9872-72F11AF97836}"
EndProject
Global
	GlobalSection(SolutionConfigurationPlatforms) = preSolution
		Debug|Any CPU = Debug|Any CPU
		Release|Any CPU = Release|Any CPU
	EndGlobalSection
	GlobalSection(ProjectConfigurationPlatforms) = postSolution
		{33CE2F19-5C64-4AE0-9872-72F11AF97836}.Debug|Any CPU.ActiveCfg = Debug|Any CPU
		{33CE2F19-5C64-4AE0-9872-72F11AF97836}.Debug|Any CPU.Build.0 = Debug|Any CPU
		{33CE2F19-5C64-4AE0-9872-72F11AF97836}.Release|Any CPU.ActiveCfg = Release|Any CPU
		{33CE2F19-5C64-4AE0-9872-72F11AF97836}.Release|Any CPU.Build.0 = Release|Any CPU
	EndGlobalSection
	GlobalSection(SolutionProperties) = preSolution
		HideSolutionNode = FALSE
	EndGlobalSection
	GlobalSection(ExtensibilityGlobals) = postSolution
		SolutionGuid = {A1D3DC41-E929-4BF1-B879-75556243A3D0}
	EndGlobalSection
EndGlobal
